// !$*UTF8*$!
{
	archiveVersion = 1;
	classes = {
	};
	objectVersion = 56;
	objects = {

/* Begin PBXBuildFile section */
		81260AD32BE9072000443A83 /* Store.swift in Sources */ = {isa = PBXBuildFile; fileRef = 81260AD22BE9072000443A83 /* Store.swift */; };
		813BA7242BEADFC9005E10B0 /* HP Store.storekit in Resources */ = {isa = PBXBuildFile; fileRef = 81260AD12BE9069600443A83 /* HP Store.storekit */; };
		813BA7262BEAE30D005E10B0 /* trivia.json in Resources */ = {isa = PBXBuildFile; fileRef = 813BA7252BEAE30D005E10B0 /* trivia.json */; };
		813BA7282BEB0926005E10B0 /* QuestionModel.swift in Sources */ = {isa = PBXBuildFile; fileRef = 813BA7272BEB0926005E10B0 /* QuestionModel.swift */; };
		813BA72A2BEB254A005E10B0 /* GameViewModel.swift in Sources */ = {isa = PBXBuildFile; fileRef = 813BA7292BEB254A005E10B0 /* GameViewModel.swift */; };
		8166C7662BDEAA4B00A85889 /* Constants.swift in Sources */ = {isa = PBXBuildFile; fileRef = 8166C7652BDEAA4B00A85889 /* Constants.swift */; };
		8166C7682BDFD79B00A85889 /* InfoView.swift in Sources */ = {isa = PBXBuildFile; fileRef = 8166C7672BDFD79B00A85889 /* InfoView.swift */; };
		8166C76A2BDFE2E400A85889 /* paper.mp3 in Resources */ = {isa = PBXBuildFile; fileRef = 8166C7692BDFE2E400A85889 /* paper.mp3 */; };
		8166C76C2BDFE7DD00A85889 /* SettingsView.swift in Sources */ = {isa = PBXBuildFile; fileRef = 8166C76B2BDFE7DD00A85889 /* SettingsView.swift */; };
		8166C76E2BE4597100A85889 /* GameScreenView.swift in Sources */ = {isa = PBXBuildFile; fileRef = 8166C76D2BE4597100A85889 /* GameScreenView.swift */; };
		818055362BD571F400BA2BB3 /* HarryPotterApp.swift in Sources */ = {isa = PBXBuildFile; fileRef = 818055352BD571F400BA2BB3 /* HarryPotterApp.swift */; };
		818055382BD571F400BA2BB3 /* ContentView.swift in Sources */ = {isa = PBXBuildFile; fileRef = 818055372BD571F400BA2BB3 /* ContentView.swift */; };
		8180553A2BD571F600BA2BB3 /* Assets.xcassets in Resources */ = {isa = PBXBuildFile; fileRef = 818055392BD571F600BA2BB3 /* Assets.xcassets */; };
		8180553D2BD571F600BA2BB3 /* Preview Assets.xcassets in Resources */ = {isa = PBXBuildFile; fileRef = 8180553C2BD571F600BA2BB3 /* Preview Assets.xcassets */; };
		8180554C2BD5720C00BA2BB3 /* deep-in-the-dell.mp3 in Resources */ = {isa = PBXBuildFile; fileRef = 818055432BD5720C00BA2BB3 /* deep-in-the-dell.mp3 */; };
		8180554D2BD5720C00BA2BB3 /* hiding-place-in-the-forest.mp3 in Resources */ = {isa = PBXBuildFile; fileRef = 818055442BD5720C00BA2BB3 /* hiding-place-in-the-forest.mp3 */; };
		8180554E2BD5720C00BA2BB3 /* let-the-mystery-unfold.mp3 in Resources */ = {isa = PBXBuildFile; fileRef = 818055452BD5720C00BA2BB3 /* let-the-mystery-unfold.mp3 */; };
		8180554F2BD5720C00BA2BB3 /* magic-in-the-air.mp3 in Resources */ = {isa = PBXBuildFile; fileRef = 818055462BD5720C00BA2BB3 /* magic-in-the-air.mp3 */; };
		818055502BD5720C00BA2BB3 /* magic-wand.mp3 in Resources */ = {isa = PBXBuildFile; fileRef = 818055472BD5720C00BA2BB3 /* magic-wand.mp3 */; };
		818055512BD5720C00BA2BB3 /* negative-beeps.mp3 in Resources */ = {isa = PBXBuildFile; fileRef = 818055482BD5720C00BA2BB3 /* negative-beeps.mp3 */; };
		818055522BD5720C00BA2BB3 /* page-flip.mp3 in Resources */ = {isa = PBXBuildFile; fileRef = 818055492BD5720C00BA2BB3 /* page-flip.mp3 */; };
		818055532BD5720C00BA2BB3 /* spellcraft.mp3 in Resources */ = {isa = PBXBuildFile; fileRef = 8180554A2BD5720C00BA2BB3 /* spellcraft.mp3 */; };
/* End PBXBuildFile section */

/* Begin PBXFileReference section */
		81260AD12BE9069600443A83 /* HP Store.storekit */ = {isa = PBXFileReference; lastKnownFileType = text; path = "HP Store.storekit"; sourceTree = "<group>"; };
		81260AD22BE9072000443A83 /* Store.swift */ = {isa = PBXFileReference; lastKnownFileType = sourcecode.swift; path = Store.swift; sourceTree = "<group>"; };
		813BA7252BEAE30D005E10B0 /* trivia.json */ = {isa = PBXFileReference; fileEncoding = 4; lastKnownFileType = text.json; path = trivia.json; sourceTree = "<group>"; };
		813BA7272BEB0926005E10B0 /* QuestionModel.swift */ = {isa = PBXFileReference; lastKnownFileType = sourcecode.swift; path = QuestionModel.swift; sourceTree = "<group>"; };
		813BA7292BEB254A005E10B0 /* GameViewModel.swift */ = {isa = PBXFileReference; lastKnownFileType = sourcecode.swift; path = GameViewModel.swift; sourceTree = "<group>"; };
		8166C7652BDEAA4B00A85889 /* Constants.swift */ = {isa = PBXFileReference; lastKnownFileType = sourcecode.swift; path = Constants.swift; sourceTree = "<group>"; };
		8166C7672BDFD79B00A85889 /* InfoView.swift */ = {isa = PBXFileReference; lastKnownFileType = sourcecode.swift; path = InfoView.swift; sourceTree = "<group>"; };
		8166C7692BDFE2E400A85889 /* paper.mp3 */ = {isa = PBXFileReference; lastKnownFileType = audio.mp3; path = paper.mp3; sourceTree = "<group>"; };
		8166C76B2BDFE7DD00A85889 /* SettingsView.swift */ = {isa = PBXFileReference; lastKnownFileType = sourcecode.swift; path = SettingsView.swift; sourceTree = "<group>"; };
		8166C76D2BE4597100A85889 /* GameScreenView.swift */ = {isa = PBXFileReference; lastKnownFileType = sourcecode.swift; path = GameScreenView.swift; sourceTree = "<group>"; };
		818055322BD571F400BA2BB3 /* HarryPotter.app */ = {isa = PBXFileReference; explicitFileType = wrapper.application; includeInIndex = 0; path = HarryPotter.app; sourceTree = BUILT_PRODUCTS_DIR; };
		818055352BD571F400BA2BB3 /* HarryPotterApp.swift */ = {isa = PBXFileReference; lastKnownFileType = sourcecode.swift; path = HarryPotterApp.swift; sourceTree = "<group>"; };
		818055372BD571F400BA2BB3 /* ContentView.swift */ = {isa = PBXFileReference; lastKnownFileType = sourcecode.swift; path = ContentView.swift; sourceTree = "<group>"; };
		818055392BD571F600BA2BB3 /* Assets.xcassets */ = {isa = PBXFileReference; lastKnownFileType = folder.assetcatalog; path = Assets.xcassets; sourceTree = "<group>"; };
		8180553C2BD571F600BA2BB3 /* Preview Assets.xcassets */ = {isa = PBXFileReference; lastKnownFileType = folder.assetcatalog; path = "Preview Assets.xcassets"; sourceTree = "<group>"; };
		818055432BD5720C00BA2BB3 /* deep-in-the-dell.mp3 */ = {isa = PBXFileReference; lastKnownFileType = audio.mp3; path = "deep-in-the-dell.mp3"; sourceTree = "<group>"; };
		818055442BD5720C00BA2BB3 /* hiding-place-in-the-forest.mp3 */ = {isa = PBXFileReference; lastKnownFileType = audio.mp3; path = "hiding-place-in-the-forest.mp3"; sourceTree = "<group>"; };
		818055452BD5720C00BA2BB3 /* let-the-mystery-unfold.mp3 */ = {isa = PBXFileReference; lastKnownFileType = audio.mp3; path = "let-the-mystery-unfold.mp3"; sourceTree = "<group>"; };
		818055462BD5720C00BA2BB3 /* magic-in-the-air.mp3 */ = {isa = PBXFileReference; lastKnownFileType = audio.mp3; path = "magic-in-the-air.mp3"; sourceTree = "<group>"; };
		818055472BD5720C00BA2BB3 /* magic-wand.mp3 */ = {isa = PBXFileReference; lastKnownFileType = audio.mp3; path = "magic-wand.mp3"; sourceTree = "<group>"; };
		818055482BD5720C00BA2BB3 /* negative-beeps.mp3 */ = {isa = PBXFileReference; lastKnownFileType = audio.mp3; path = "negative-beeps.mp3"; sourceTree = "<group>"; };
		818055492BD5720C00BA2BB3 /* page-flip.mp3 */ = {isa = PBXFileReference; lastKnownFileType = audio.mp3; path = "page-flip.mp3"; sourceTree = "<group>"; };
		8180554A2BD5720C00BA2BB3 /* spellcraft.mp3 */ = {isa = PBXFileReference; lastKnownFileType = audio.mp3; path = spellcraft.mp3; sourceTree = "<group>"; };
/* End PBXFileReference section */

/* Begin PBXFrameworksBuildPhase section */
		8180552F2BD571F400BA2BB3 /* Frameworks */ = {
			isa = PBXFrameworksBuildPhase;
			buildActionMask = 2147483647;
			files = (
			);
			runOnlyForDeploymentPostprocessing = 0;
		};
/* End PBXFrameworksBuildPhase section */

/* Begin PBXGroup section */
		81260AD02BE9067D00443A83 /* Store */ = {
			isa = PBXGroup;
			children = (
				81260AD12BE9069600443A83 /* HP Store.storekit */,
				81260AD22BE9072000443A83 /* Store.swift */,
			);
			path = Store;
			sourceTree = "<group>";
		};
		8166C7612BDE98FB00A85889 /* ViewModel */ = {
			isa = PBXGroup;
			children = (
				813BA7292BEB254A005E10B0 /* GameViewModel.swift */,
			);
			path = ViewModel;
			sourceTree = "<group>";
		};
		8166C7622BDE990200A85889 /* View */ = {
			isa = PBXGroup;
			children = (
				818055352BD571F400BA2BB3 /* HarryPotterApp.swift */,
				818055372BD571F400BA2BB3 /* ContentView.swift */,
				8166C7672BDFD79B00A85889 /* InfoView.swift */,
				8166C76B2BDFE7DD00A85889 /* SettingsView.swift */,
				8166C76D2BE4597100A85889 /* GameScreenView.swift */,
			);
			path = View;
			sourceTree = "<group>";
		};
		8166C7632BDE990600A85889 /* Model */ = {
			isa = PBXGroup;
			children = (
				813BA7252BEAE30D005E10B0 /* trivia.json */,
				813BA7272BEB0926005E10B0 /* QuestionModel.swift */,
			);
			path = Model;
			sourceTree = "<group>";
		};
		8166C7642BDE990E00A85889 /* Extensions */ = {
			isa = PBXGroup;
			children = (
				8166C7652BDEAA4B00A85889 /* Constants.swift */,
			);
			path = Extensions;
			sourceTree = "<group>";
		};
		818055292BD571F400BA2BB3 = {
			isa = PBXGroup;
			children = (
				818055342BD571F400BA2BB3 /* HarryPotter */,
				818055332BD571F400BA2BB3 /* Products */,
			);
			sourceTree = "<group>";
		};
		818055332BD571F400BA2BB3 /* Products */ = {
			isa = PBXGroup;
			children = (
				818055322BD571F400BA2BB3 /* HarryPotter.app */,
			);
			name = Products;
			sourceTree = "<group>";
		};
		818055342BD571F400BA2BB3 /* HarryPotter */ = {
			isa = PBXGroup;
			children = (
				8166C7632BDE990600A85889 /* Model */,
				8166C7622BDE990200A85889 /* View */,
				8166C7612BDE98FB00A85889 /* ViewModel */,
				8166C7642BDE990E00A85889 /* Extensions */,
				81260AD02BE9067D00443A83 /* Store */,
				8180554B2BD5720C00BA2BB3 /* Audio */,
				818055392BD571F600BA2BB3 /* Assets.xcassets */,
				8180553B2BD571F600BA2BB3 /* Preview Content */,
			);
			path = HarryPotter;
			sourceTree = "<group>";
		};
		8180553B2BD571F600BA2BB3 /* Preview Content */ = {
			isa = PBXGroup;
			children = (
				8180553C2BD571F600BA2BB3 /* Preview Assets.xcassets */,
			);
			path = "Preview Content";
			sourceTree = "<group>";
		};
		8180554B2BD5720C00BA2BB3 /* Audio */ = {
			isa = PBXGroup;
			children = (
				8166C7692BDFE2E400A85889 /* paper.mp3 */,
				818055432BD5720C00BA2BB3 /* deep-in-the-dell.mp3 */,
				818055442BD5720C00BA2BB3 /* hiding-place-in-the-forest.mp3 */,
				818055452BD5720C00BA2BB3 /* let-the-mystery-unfold.mp3 */,
				818055462BD5720C00BA2BB3 /* magic-in-the-air.mp3 */,
				818055472BD5720C00BA2BB3 /* magic-wand.mp3 */,
				818055482BD5720C00BA2BB3 /* negative-beeps.mp3 */,
				818055492BD5720C00BA2BB3 /* page-flip.mp3 */,
				8180554A2BD5720C00BA2BB3 /* spellcraft.mp3 */,
			);
			path = Audio;
			sourceTree = "<group>";
		};
/* End PBXGroup section */

/* Begin PBXNativeTarget section */
		818055312BD571F400BA2BB3 /* HarryPotter */ = {
			isa = PBXNativeTarget;
			buildConfigurationList = 818055402BD571F600BA2BB3 /* Build configuration list for PBXNativeTarget "HarryPotter" */;
			buildPhases = (
				8180552E2BD571F400BA2BB3 /* Sources */,
				8180552F2BD571F400BA2BB3 /* Frameworks */,
				818055302BD571F400BA2BB3 /* Resources */,
			);
			buildRules = (
			);
			dependencies = (
			);
			name = HarryPotter;
			productName = HarryPotter;
			productReference = 818055322BD571F400BA2BB3 /* HarryPotter.app */;
			productType = "com.apple.product-type.application";
		};
/* End PBXNativeTarget section */

/* Begin PBXProject section */
		8180552A2BD571F400BA2BB3 /* Project object */ = {
			isa = PBXProject;
			attributes = {
				BuildIndependentTargetsInParallel = 1;
				LastSwiftUpdateCheck = 1530;
				LastUpgradeCheck = 1530;
				TargetAttributes = {
					818055312BD571F400BA2BB3 = {
						CreatedOnToolsVersion = 15.3;
					};
				};
			};
			buildConfigurationList = 8180552D2BD571F400BA2BB3 /* Build configuration list for PBXProject "HarryPotter" */;
			compatibilityVersion = "Xcode 14.0";
			developmentRegion = en;
			hasScannedForEncodings = 0;
			knownRegions = (
				en,
				Base,
			);
			mainGroup = 818055292BD571F400BA2BB3;
			productRefGroup = 818055332BD571F400BA2BB3 /* Products */;
			projectDirPath = "";
			projectRoot = "";
			targets = (
				818055312BD571F400BA2BB3 /* HarryPotter */,
			);
		};
/* End PBXProject section */

/* Begin PBXResourcesBuildPhase section */
		818055302BD571F400BA2BB3 /* Resources */ = {
			isa = PBXResourcesBuildPhase;
			buildActionMask = 2147483647;
			files = (
				818055522BD5720C00BA2BB3 /* page-flip.mp3 in Resources */,
				813BA7242BEADFC9005E10B0 /* HP Store.storekit in Resources */,
				8180554C2BD5720C00BA2BB3 /* deep-in-the-dell.mp3 in Resources */,
				813BA7262BEAE30D005E10B0 /* trivia.json in Resources */,
				8166C76A2BDFE2E400A85889 /* paper.mp3 in Resources */,
				818055502BD5720C00BA2BB3 /* magic-wand.mp3 in Resources */,
				8180553D2BD571F600BA2BB3 /* Preview Assets.xcassets in Resources */,
				8180554F2BD5720C00BA2BB3 /* magic-in-the-air.mp3 in Resources */,
				8180553A2BD571F600BA2BB3 /* Assets.xcassets in Resources */,
				8180554E2BD5720C00BA2BB3 /* let-the-mystery-unfold.mp3 in Resources */,
				8180554D2BD5720C00BA2BB3 /* hiding-place-in-the-forest.mp3 in Resources */,
				818055532BD5720C00BA2BB3 /* spellcraft.mp3 in Resources */,
				818055512BD5720C00BA2BB3 /* negative-beeps.mp3 in Resources */,
			);
			runOnlyForDeploymentPostprocessing = 0;
		};
/* End PBXResourcesBuildPhase section */

/* Begin PBXSourcesBuildPhase section */
		8180552E2BD571F400BA2BB3 /* Sources */ = {
			isa = PBXSourcesBuildPhase;
			buildActionMask = 2147483647;
			files = (
				813BA72A2BEB254A005E10B0 /* GameViewModel.swift in Sources */,
				81260AD32BE9072000443A83 /* Store.swift in Sources */,
				8166C76C2BDFE7DD00A85889 /* SettingsView.swift in Sources */,
				8166C7682BDFD79B00A85889 /* InfoView.swift in Sources */,
				8166C76E2BE4597100A85889 /* GameScreenView.swift in Sources */,
				818055382BD571F400BA2BB3 /* ContentView.swift in Sources */,
				818055362BD571F400BA2BB3 /* HarryPotterApp.swift in Sources */,
				8166C7662BDEAA4B00A85889 /* Constants.swift in Sources */,
				813BA7282BEB0926005E10B0 /* QuestionModel.swift in Sources */,
			);
			runOnlyForDeploymentPostprocessing = 0;
		};
/* End PBXSourcesBuildPhase section */

/* Begin XCBuildConfiguration section */
		8180553E2BD571F600BA2BB3 /* Debug */ = {
			isa = XCBuildConfiguration;
			buildSettings = {
				ALWAYS_SEARCH_USER_PATHS = NO;
				ASSETCATALOG_COMPILER_GENERATE_SWIFT_ASSET_SYMBOL_EXTENSIONS = YES;
				CLANG_ANALYZER_NONNULL = YES;
				CLANG_ANALYZER_NUMBER_OBJECT_CONVERSION = YES_AGGRESSIVE;
				CLANG_CXX_LANGUAGE_STANDARD = "gnu++20";
				CLANG_ENABLE_MODULES = YES;
				CLANG_ENABLE_OBJC_ARC = YES;
				CLANG_ENABLE_OBJC_WEAK = YES;
				CLANG_WARN_BLOCK_CAPTURE_AUTORELEASING = YES;
				CLANG_WARN_BOOL_CONVERSION = YES;
				CLANG_WARN_COMMA = YES;
				CLANG_WARN_CONSTANT_CONVERSION = YES;
				CLANG_WARN_DEPRECATED_OBJC_IMPLEMENTATIONS = YES;
				CLANG_WARN_DIRECT_OBJC_ISA_USAGE = YES_ERROR;
				CLANG_WARN_DOCUMENTATION_COMMENTS = YES;
				CLANG_WARN_EMPTY_BODY = YES;
				CLANG_WARN_ENUM_CONVERSION = YES;
				CLANG_WARN_INFINITE_RECURSION = YES;
				CLANG_WARN_INT_CONVERSION = YES;
				CLANG_WARN_NON_LITERAL_NULL_CONVERSION = YES;
				CLANG_WARN_OBJC_IMPLICIT_RETAIN_SELF = YES;
				CLANG_WARN_OBJC_LITERAL_CONVERSION = YES;
				CLANG_WARN_OBJC_ROOT_CLASS = YES_ERROR;
				CLANG_WARN_QUOTED_INCLUDE_IN_FRAMEWORK_HEADER = YES;
				CLANG_WARN_RANGE_LOOP_ANALYSIS = YES;
				CLANG_WARN_STRICT_PROTOTYPES = YES;
				CLANG_WARN_SUSPICIOUS_MOVE = YES;
				CLANG_WARN_UNGUARDED_AVAILABILITY = YES_AGGRESSIVE;
				CLANG_WARN_UNREACHABLE_CODE = YES;
				CLANG_WARN__DUPLICATE_METHOD_MATCH = YES;
				COPY_PHASE_STRIP = NO;
				DEBUG_INFORMATION_FORMAT = dwarf;
				ENABLE_STRICT_OBJC_MSGSEND = YES;
				ENABLE_TESTABILITY = YES;
				ENABLE_USER_SCRIPT_SANDBOXING = YES;
				GCC_C_LANGUAGE_STANDARD = gnu17;
				GCC_DYNAMIC_NO_PIC = NO;
				GCC_NO_COMMON_BLOCKS = YES;
				GCC_OPTIMIZATION_LEVEL = 0;
				GCC_PREPROCESSOR_DEFINITIONS = (
					"DEBUG=1",
					"$(inherited)",
				);
				GCC_WARN_64_TO_32_BIT_CONVERSION = YES;
				GCC_WARN_ABOUT_RETURN_TYPE = YES_ERROR;
				GCC_WARN_UNDECLARED_SELECTOR = YES;
				GCC_WARN_UNINITIALIZED_AUTOS = YES_AGGRESSIVE;
				GCC_WARN_UNUSED_FUNCTION = YES;
				GCC_WARN_UNUSED_VARIABLE = YES;
				IPHONEOS_DEPLOYMENT_TARGET = 17.4;
				LOCALIZATION_PREFERS_STRING_CATALOGS = YES;
				MTL_ENABLE_DEBUG_INFO = INCLUDE_SOURCE;
				MTL_FAST_MATH = YES;
				ONLY_ACTIVE_ARCH = YES;
				SDKROOT = iphoneos;
				SWIFT_ACTIVE_COMPILATION_CONDITIONS = "DEBUG $(inherited)";
				SWIFT_OPTIMIZATION_LEVEL = "-Onone";
			};
			name = Debug;
		};
		8180553F2BD571F600BA2BB3 /* Release */ = {
			isa = XCBuildConfiguration;
			buildSettings = {
				ALWAYS_SEARCH_USER_PATHS = NO;
				ASSETCATALOG_COMPILER_GENERATE_SWIFT_ASSET_SYMBOL_EXTENSIONS = YES;
				CLANG_ANALYZER_NONNULL = YES;
				CLANG_ANALYZER_NUMBER_OBJECT_CONVERSION = YES_AGGRESSIVE;
				CLANG_CXX_LANGUAGE_STANDARD = "gnu++20";
				CLANG_ENABLE_MODULES = YES;
				CLANG_ENABLE_OBJC_ARC = YES;
				CLANG_ENABLE_OBJC_WEAK = YES;
				CLANG_WARN_BLOCK_CAPTURE_AUTORELEASING = YES;
				CLANG_WARN_BOOL_CONVERSION = YES;
				CLANG_WARN_COMMA = YES;
				CLANG_WARN_CONSTANT_CONVERSION = YES;
				CLANG_WARN_DEPRECATED_OBJC_IMPLEMENTATIONS = YES;
				CLANG_WARN_DIRECT_OBJC_ISA_USAGE = YES_ERROR;
				CLANG_WARN_DOCUMENTATION_COMMENTS = YES;
				CLANG_WARN_EMPTY_BODY = YES;
				CLANG_WARN_ENUM_CONVERSION = YES;
				CLANG_WARN_INFINITE_RECURSION = YES;
				CLANG_WARN_INT_CONVERSION = YES;
				CLANG_WARN_NON_LITERAL_NULL_CONVERSION = YES;
				CLANG_WARN_OBJC_IMPLICIT_RETAIN_SELF = YES;
				CLANG_WARN_OBJC_LITERAL_CONVERSION = YES;
				CLANG_WARN_OBJC_ROOT_CLASS = YES_ERROR;
				CLANG_WARN_QUOTED_INCLUDE_IN_FRAMEWORK_HEADER = YES;
				CLANG_WARN_RANGE_LOOP_ANALYSIS = YES;
				CLANG_WARN_STRICT_PROTOTYPES = YES;
				CLANG_WARN_SUSPICIOUS_MOVE = YES;
				CLANG_WARN_UNGUARDED_AVAILABILITY = YES_AGGRESSIVE;
				CLANG_WARN_UNREACHABLE_CODE = YES;
				CLANG_WARN__DUPLICATE_METHOD_MATCH = YES;
				COPY_PHASE_STRIP = NO;
				DEBUG_INFORMATION_FORMAT = "dwarf-with-dsym";
				ENABLE_NS_ASSERTIONS = NO;
				ENABLE_STRICT_OBJC_MSGSEND = YES;
				ENABLE_USER_SCRIPT_SANDBOXING = YES;
				GCC_C_LANGUAGE_STANDARD = gnu17;
				GCC_NO_COMMON_BLOCKS = YES;
				GCC_WARN_64_TO_32_BIT_CONVERSION = YES;
				GCC_WARN_ABOUT_RETURN_TYPE = YES_ERROR;
				GCC_WARN_UNDECLARED_SELECTOR = YES;
				GCC_WARN_UNINITIALIZED_AUTOS = YES_AGGRESSIVE;
				GCC_WARN_UNUSED_FUNCTION = YES;
				GCC_WARN_UNUSED_VARIABLE = YES;
				IPHONEOS_DEPLOYMENT_TARGET = 17.4;
				LOCALIZATION_PREFERS_STRING_CATALOGS = YES;
				MTL_ENABLE_DEBUG_INFO = NO;
				MTL_FAST_MATH = YES;
				SDKROOT = iphoneos;
				SWIFT_COMPILATION_MODE = wholemodule;
				VALIDATE_PRODUCT = YES;
			};
			name = Release;
		};
		818055412BD571F600BA2BB3 /* Debug */ = {
			isa = XCBuildConfiguration;
			buildSettings = {
				ASSETCATALOG_COMPILER_APPICON_NAME = AppIcon;
				ASSETCATALOG_COMPILER_GLOBAL_ACCENT_COLOR_NAME = AccentColor;
				CODE_SIGN_STYLE = Automatic;
				CURRENT_PROJECT_VERSION = 1;
				DEVELOPMENT_ASSET_PATHS = "\"HarryPotter/Preview Content\"";
				DEVELOPMENT_TEAM = 7L2B356GHZ;
				ENABLE_PREVIEWS = YES;
				GENERATE_INFOPLIST_FILE = YES;
				INFOPLIST_KEY_UIApplicationSceneManifest_Generation = YES;
				INFOPLIST_KEY_UIApplicationSupportsIndirectInputEvents = YES;
				INFOPLIST_KEY_UILaunchScreen_Generation = YES;
				INFOPLIST_KEY_UISupportedInterfaceOrientations_iPad = "UIInterfaceOrientationPortrait UIInterfaceOrientationPortraitUpsideDown UIInterfaceOrientationLandscapeLeft UIInterfaceOrientationLandscapeRight";
				INFOPLIST_KEY_UISupportedInterfaceOrientations_iPhone = "UIInterfaceOrientationPortrait UIInterfaceOrientationLandscapeLeft UIInterfaceOrientationLandscapeRight";
				LD_RUNPATH_SEARCH_PATHS = (
					"$(inherited)",
					"@executable_path/Frameworks",
				);
				MARKETING_VERSION = 1.0;
				PRODUCT_BUNDLE_IDENTIFIER = "com.aman-giri.HarryPotter";
				PRODUCT_NAME = "$(TARGET_NAME)";
				SWIFT_EMIT_LOC_STRINGS = YES;
				SWIFT_VERSION = 5.0;
				TARGETED_DEVICE_FAMILY = "1,2";
			};
			name = Debug;
		};
		818055422BD571F600BA2BB3 /* Release */ = {
			isa = XCBuildConfiguration;
			buildSettings = {
				ASSETCATALOG_COMPILER_APPICON_NAME = AppIcon;
				ASSETCATALOG_COMPILER_GLOBAL_ACCENT_COLOR_NAME = AccentColor;
				CODE_SIGN_STYLE = Automatic;
				CURRENT_PROJECT_VERSION = 1;
				DEVELOPMENT_ASSET_PATHS = "\"HarryPotter/Preview Content\"";
				DEVELOPMENT_TEAM = 7L2B356GHZ;
				ENABLE_PREVIEWS = YES;
				GENERATE_INFOPLIST_FILE = YES;
				INFOPLIST_KEY_UIApplicationSceneManifest_Generation = YES;
				INFOPLIST_KEY_UIApplicationSupportsIndirectInputEvents = YES;
				INFOPLIST_KEY_UILaunchScreen_Generation = YES;
				INFOPLIST_KEY_UISupportedInterfaceOrientations_iPad = "UIInterfaceOrientationPortrait UIInterfaceOrientationPortraitUpsideDown UIInterfaceOrientationLandscapeLeft UIInterfaceOrientationLandscapeRight";
				INFOPLIST_KEY_UISupportedInterfaceOrientations_iPhone = "UIInterfaceOrientationPortrait UIInterfaceOrientationLandscapeLeft UIInterfaceOrientationLandscapeRight";
				LD_RUNPATH_SEARCH_PATHS = (
					"$(inherited)",
					"@executable_path/Frameworks",
				);
				MARKETING_VERSION = 1.0;
				PRODUCT_BUNDLE_IDENTIFIER = "com.aman-giri.HarryPotter";
				PRODUCT_NAME = "$(TARGET_NAME)";
				SWIFT_EMIT_LOC_STRINGS = YES;
				SWIFT_VERSION = 5.0;
				TARGETED_DEVICE_FAMILY = "1,2";
			};
			name = Release;
		};
/* End XCBuildConfiguration section */

/* Begin XCConfigurationList section */
		8180552D2BD571F400BA2BB3 /* Build configuration list for PBXProject "HarryPotter" */ = {
			isa = XCConfigurationList;
			buildConfigurations = (
				8180553E2BD571F600BA2BB3 /* Debug */,
				8180553F2BD571F600BA2BB3 /* Release */,
			);
			defaultConfigurationIsVisible = 0;
			defaultConfigurationName = Release;
		};
		818055402BD571F600BA2BB3 /* Build configuration list for PBXNativeTarget "HarryPotter" */ = {
			isa = XCConfigurationList;
			buildConfigurations = (
				818055412BD571F600BA2BB3 /* Debug */,
				818055422BD571F600BA2BB3 /* Release */,
			);
			defaultConfigurationIsVisible = 0;
			defaultConfigurationName = Release;
		};
/* End XCConfigurationList section */
	};
	rootObject = 8180552A2BD571F400BA2BB3 /* Project object */;
}
